// !$*UTF8*$!
{
	archiveVersion = 1;
	classes = {
	};
	objectVersion = 55;
	objects = {

/* Begin PBXBuildFile section */
		8B7BD5E827ABF72500442F56 /* AppDelegate.swift in Sources */ = {isa = PBXBuildFile; fileRef = 8B7BD5E727ABF72500442F56 /* AppDelegate.swift */; };
		8B7BD5EA27ABF72500442F56 /* SceneDelegate.swift in Sources */ = {isa = PBXBuildFile; fileRef = 8B7BD5E927ABF72500442F56 /* SceneDelegate.swift */; };
		8B7BD5EC27ABF72500442F56 /* ViewController.swift in Sources */ = {isa = PBXBuildFile; fileRef = 8B7BD5EB27ABF72500442F56 /* ViewController.swift */; };
		8B7BD5EF27ABF72500442F56 /* Main.storyboard in Resources */ = {isa = PBXBuildFile; fileRef = 8B7BD5ED27ABF72500442F56 /* Main.storyboard */; };
		8B7BD5F127ABF72800442F56 /* Assets.xcassets in Resources */ = {isa = PBXBuildFile; fileRef = 8B7BD5F027ABF72800442F56 /* Assets.xcassets */; };
		8B7BD5F427ABF72800442F56 /* LaunchScreen.storyboard in Resources */ = {isa = PBXBuildFile; fileRef = 8B7BD5F227ABF72800442F56 /* LaunchScreen.storyboard */; };
		8B7BD5FF27ABF72800442F56 /* LearningUnitTestingTests.swift in Sources */ = {isa = PBXBuildFile; fileRef = 8B7BD5FE27ABF72800442F56 /* LearningUnitTestingTests.swift */; };
		8B7BD60927ABF72800442F56 /* LearningUnitTestingUITests.swift in Sources */ = {isa = PBXBuildFile; fileRef = 8B7BD60827ABF72800442F56 /* LearningUnitTestingUITests.swift */; };
		8B7BD60B27ABF72800442F56 /* LearningUnitTestingUITestsLaunchTests.swift in Sources */ = {isa = PBXBuildFile; fileRef = 8B7BD60A27ABF72800442F56 /* LearningUnitTestingUITestsLaunchTests.swift */; };
/* End PBXBuildFile section */

/* Begin PBXContainerItemProxy section */
		8B7BD5FB27ABF72800442F56 /* PBXContainerItemProxy */ = {
			isa = PBXContainerItemProxy;
			containerPortal = 8B7BD5DC27ABF72500442F56 /* Project object */;
			proxyType = 1;
			remoteGlobalIDString = 8B7BD5E327ABF72500442F56;
			remoteInfo = LearningUnitTesting;
		};
		8B7BD60527ABF72800442F56 /* PBXContainerItemProxy */ = {
			isa = PBXContainerItemProxy;
			containerPortal = 8B7BD5DC27ABF72500442F56 /* Project object */;
			proxyType = 1;
			remoteGlobalIDString = 8B7BD5E327ABF72500442F56;
			remoteInfo = LearningUnitTesting;
		};
/* End PBXContainerItemProxy section */

/* Begin PBXFileReference section */
		8B7BD5E427ABF72500442F56 /* LearningUnitTesting.app */ = {isa = PBXFileReference; explicitFileType = wrapper.application; includeInIndex = 0; path = LearningUnitTesting.app; sourceTree = BUILT_PRODUCTS_DIR; };
		8B7BD5E727ABF72500442F56 /* AppDelegate.swift */ = {isa = PBXFileReference; lastKnownFileType = sourcecode.swift; path = AppDelegate.swift; sourceTree = "<group>"; };
		8B7BD5E927ABF72500442F56 /* SceneDelegate.swift */ = {isa = PBXFileReference; lastKnownFileType = sourcecode.swift; path = SceneDelegate.swift; sourceTree = "<group>"; };
		8B7BD5EB27ABF72500442F56 /* ViewController.swift */ = {isa = PBXFileReference; lastKnownFileType = sourcecode.swift; path = ViewController.swift; sourceTree = "<group>"; };
		8B7BD5EE27ABF72500442F56 /* Base */ = {isa = PBXFileReference; lastKnownFileType = file.storyboard; name = Base; path = Base.lproj/Main.storyboard; sourceTree = "<group>"; };
		8B7BD5F027ABF72800442F56 /* Assets.xcassets */ = {isa = PBXFileReference; lastKnownFileType = folder.assetcatalog; path = Assets.xcassets; sourceTree = "<group>"; };
		8B7BD5F327ABF72800442F56 /* Base */ = {isa = PBXFileReference; lastKnownFileType = file.storyboard; name = Base; path = Base.lproj/LaunchScreen.storyboard; sourceTree = "<group>"; };
		8B7BD5F527ABF72800442F56 /* Info.plist */ = {isa = PBXFileReference; lastKnownFileType = text.plist.xml; path = Info.plist; sourceTree = "<group>"; };
		8B7BD5FA27ABF72800442F56 /* LearningUnitTestingTests.xctest */ = {isa = PBXFileReference; explicitFileType = wrapper.cfbundle; includeInIndex = 0; path = LearningUnitTestingTests.xctest; sourceTree = BUILT_PRODUCTS_DIR; };
		8B7BD5FE27ABF72800442F56 /* LearningUnitTestingTests.swift */ = {isa = PBXFileReference; lastKnownFileType = sourcecode.swift; path = LearningUnitTestingTests.swift; sourceTree = "<group>"; };
		8B7BD60427ABF72800442F56 /* LearningUnitTestingUITests.xctest */ = {isa = PBXFileReference; explicitFileType = wrapper.cfbundle; includeInIndex = 0; path = LearningUnitTestingUITests.xctest; sourceTree = BUILT_PRODUCTS_DIR; };
		8B7BD60827ABF72800442F56 /* LearningUnitTestingUITests.swift */ = {isa = PBXFileReference; lastKnownFileType = sourcecode.swift; path = LearningUnitTestingUITests.swift; sourceTree = "<group>"; };
		8B7BD60A27ABF72800442F56 /* LearningUnitTestingUITestsLaunchTests.swift */ = {isa = PBXFileReference; lastKnownFileType = sourcecode.swift; path = LearningUnitTestingUITestsLaunchTests.swift; sourceTree = "<group>"; };
/* End PBXFileReference section */

/* Begin PBXFrameworksBuildPhase section */
		8B7BD5E127ABF72500442F56 /* Frameworks */ = {
			isa = PBXFrameworksBuildPhase;
			buildActionMask = 2147483647;
			files = (
			);
			runOnlyForDeploymentPostprocessing = 0;
		};
		8B7BD5F727ABF72800442F56 /* Frameworks */ = {
			isa = PBXFrameworksBuildPhase;
			buildActionMask = 2147483647;
			files = (
			);
			runOnlyForDeploymentPostprocessing = 0;
		};
		8B7BD60127ABF72800442F56 /* Frameworks */ = {
			isa = PBXFrameworksBuildPhase;
			buildActionMask = 2147483647;
			files = (
			);
			runOnlyForDeploymentPostprocessing = 0;
		};
/* End PBXFrameworksBuildPhase section */

/* Begin PBXGroup section */
		8B7BD5DB27ABF72500442F56 = {
			isa = PBXGroup;
			children = (
				8B7BD5E627ABF72500442F56 /* LearningUnitTesting */,
				8B7BD5FD27ABF72800442F56 /* LearningUnitTestingTests */,
				8B7BD60727ABF72800442F56 /* LearningUnitTestingUITests */,
				8B7BD5E527ABF72500442F56 /* Products */,
			);
			sourceTree = "<group>";
		};
		8B7BD5E527ABF72500442F56 /* Products */ = {
			isa = PBXGroup;
			children = (
				8B7BD5E427ABF72500442F56 /* LearningUnitTesting.app */,
				8B7BD5FA27ABF72800442F56 /* LearningUnitTestingTests.xctest */,
				8B7BD60427ABF72800442F56 /* LearningUnitTestingUITests.xctest */,
			);
			name = Products;
			sourceTree = "<group>";
		};
		8B7BD5E627ABF72500442F56 /* LearningUnitTesting */ = {
			isa = PBXGroup;
			children = (
				8B7BD5E727ABF72500442F56 /* AppDelegate.swift */,
				8B7BD5E927ABF72500442F56 /* SceneDelegate.swift */,
				8B7BD5EB27ABF72500442F56 /* ViewController.swift */,
				8B7BD5ED27ABF72500442F56 /* Main.storyboard */,
				8B7BD5F027ABF72800442F56 /* Assets.xcassets */,
				8B7BD5F227ABF72800442F56 /* LaunchScreen.storyboard */,
				8B7BD5F527ABF72800442F56 /* Info.plist */,
			);
			path = LearningUnitTesting;
			sourceTree = "<group>";
		};
		8B7BD5FD27ABF72800442F56 /* LearningUnitTestingTests */ = {
			isa = PBXGroup;
			children = (
				8B7BD5FE27ABF72800442F56 /* LearningUnitTestingTests.swift */,
			);
			path = LearningUnitTestingTests;
			sourceTree = "<group>";
		};
		8B7BD60727ABF72800442F56 /* LearningUnitTestingUITests */ = {
			isa = PBXGroup;
			children = (
				8B7BD60827ABF72800442F56 /* LearningUnitTestingUITests.swift */,
				8B7BD60A27ABF72800442F56 /* LearningUnitTestingUITestsLaunchTests.swift */,
			);
			path = LearningUnitTestingUITests;
			sourceTree = "<group>";
		};
/* End PBXGroup section */

/* Begin PBXNativeTarget section */
		8B7BD5E327ABF72500442F56 /* LearningUnitTesting */ = {
			isa = PBXNativeTarget;
			buildConfigurationList = 8B7BD60E27ABF72800442F56 /* Build configuration list for PBXNativeTarget "LearningUnitTesting" */;
			buildPhases = (
				8B7BD5E027ABF72500442F56 /* Sources */,
				8B7BD5E127ABF72500442F56 /* Frameworks */,
				8B7BD5E227ABF72500442F56 /* Resources */,
			);
			buildRules = (
			);
			dependencies = (
			);
			name = LearningUnitTesting;
			productName = LearningUnitTesting;
			productReference = 8B7BD5E427ABF72500442F56 /* LearningUnitTesting.app */;
			productType = "com.apple.product-type.application";
		};
		8B7BD5F927ABF72800442F56 /* LearningUnitTestingTests */ = {
			isa = PBXNativeTarget;
			buildConfigurationList = 8B7BD61127ABF72800442F56 /* Build configuration list for PBXNativeTarget "LearningUnitTestingTests" */;
			buildPhases = (
				8B7BD5F627ABF72800442F56 /* Sources */,
				8B7BD5F727ABF72800442F56 /* Frameworks */,
				8B7BD5F827ABF72800442F56 /* Resources */,
			);
			buildRules = (
			);
			dependencies = (
				8B7BD5FC27ABF72800442F56 /* PBXTargetDependency */,
			);
			name = LearningUnitTestingTests;
			productName = LearningUnitTestingTests;
			productReference = 8B7BD5FA27ABF72800442F56 /* LearningUnitTestingTests.xctest */;
			productType = "com.apple.product-type.bundle.unit-test";
		};
		8B7BD60327ABF72800442F56 /* LearningUnitTestingUITests */ = {
			isa = PBXNativeTarget;
			buildConfigurationList = 8B7BD61427ABF72800442F56 /* Build configuration list for PBXNativeTarget "LearningUnitTestingUITests" */;
			buildPhases = (
				8B7BD60027ABF72800442F56 /* Sources */,
				8B7BD60127ABF72800442F56 /* Frameworks */,
				8B7BD60227ABF72800442F56 /* Resources */,
			);
			buildRules = (
			);
			dependencies = (
				8B7BD60627ABF72800442F56 /* PBXTargetDependency */,
			);
			name = LearningUnitTestingUITests;
			productName = LearningUnitTestingUITests;
			productReference = 8B7BD60427ABF72800442F56 /* LearningUnitTestingUITests.xctest */;
			productType = "com.apple.product-type.bundle.ui-testing";
		};
/* End PBXNativeTarget section */

/* Begin PBXProject section */
		8B7BD5DC27ABF72500442F56 /* Project object */ = {
			isa = PBXProject;
			attributes = {
				BuildIndependentTargetsInParallel = 1;
				LastSwiftUpdateCheck = 1310;
				LastUpgradeCheck = 1310;
				TargetAttributes = {
					8B7BD5E327ABF72500442F56 = {
						CreatedOnToolsVersion = 13.1;
					};
					8B7BD5F927ABF72800442F56 = {
						CreatedOnToolsVersion = 13.1;
						TestTargetID = 8B7BD5E327ABF72500442F56;
					};
					8B7BD60327ABF72800442F56 = {
						CreatedOnToolsVersion = 13.1;
						TestTargetID = 8B7BD5E327ABF72500442F56;
					};
				};
			};
			buildConfigurationList = 8B7BD5DF27ABF72500442F56 /* Build configuration list for PBXProject "LearningUnitTesting" */;
			compatibilityVersion = "Xcode 13.0";
			developmentRegion = en;
			hasScannedForEncodings = 0;
			knownRegions = (
				en,
				Base,
			);
			mainGroup = 8B7BD5DB27ABF72500442F56;
			productRefGroup = 8B7BD5E527ABF72500442F56 /* Products */;
			projectDirPath = "";
			projectRoot = "";
			targets = (
				8B7BD5E327ABF72500442F56 /* LearningUnitTesting */,
				8B7BD5F927ABF72800442F56 /* LearningUnitTestingTests */,
				8B7BD60327ABF72800442F56 /* LearningUnitTestingUITests */,
			);
		};
/* End PBXProject section */

/* Begin PBXResourcesBuildPhase section */
		8B7BD5E227ABF72500442F56 /* Resources */ = {
			isa = PBXResourcesBuildPhase;
			buildActionMask = 2147483647;
			files = (
				8B7BD5F427ABF72800442F56 /* LaunchScreen.storyboard in Resources */,
				8B7BD5F127ABF72800442F56 /* Assets.xcassets in Resources */,
				8B7BD5EF27ABF72500442F56 /* Main.storyboard in Resources */,
			);
			runOnlyForDeploymentPostprocessing = 0;
		};
		8B7BD5F827ABF72800442F56 /* Resources */ = {
			isa = PBXResourcesBuildPhase;
			buildActionMask = 2147483647;
			files = (
			);
			runOnlyForDeploymentPostprocessing = 0;
		};
		8B7BD60227ABF72800442F56 /* Resources */ = {
			isa = PBXResourcesBuildPhase;
			buildActionMask = 2147483647;
			files = (
			);
			runOnlyForDeploymentPostprocessing = 0;
		};
/* End PBXResourcesBuildPhase section */

/* Begin PBXSourcesBuildPhase section */
		8B7BD5E027ABF72500442F56 /* Sources */ = {
			isa = PBXSourcesBuildPhase;
			buildActionMask = 2147483647;
			files = (
				8B7BD5EC27ABF72500442F56 /* ViewController.swift in Sources */,
				8B7BD5E827ABF72500442F56 /* AppDelegate.swift in Sources */,
				8B7BD5EA27ABF72500442F56 /* SceneDelegate.swift in Sources */,
			);
			runOnlyForDeploymentPostprocessing = 0;
		};
		8B7BD5F627ABF72800442F56 /* Sources */ = {
			isa = PBXSourcesBuildPhase;
			buildActionMask = 2147483647;
			files = (
				8B7BD5FF27ABF72800442F56 /* LearningUnitTestingTests.swift in Sources */,
			);
			runOnlyForDeploymentPostprocessing = 0;
		};
		8B7BD60027ABF72800442F56 /* Sources */ = {
			isa = PBXSourcesBuildPhase;
			buildActionMask = 2147483647;
			files = (
				8B7BD60927ABF72800442F56 /* LearningUnitTestingUITests.swift in Sources */,
				8B7BD60B27ABF72800442F56 /* LearningUnitTestingUITestsLaunchTests.swift in Sources */,
			);
			runOnlyForDeploymentPostprocessing = 0;
		};
/* End PBXSourcesBuildPhase section */

/* Begin PBXTargetDependency section */
		8B7BD5FC27ABF72800442F56 /* PBXTargetDependency */ = {
			isa = PBXTargetDependency;
			target = 8B7BD5E327ABF72500442F56 /* LearningUnitTesting */;
			targetProxy = 8B7BD5FB27ABF72800442F56 /* PBXContainerItemProxy */;
		};
		8B7BD60627ABF72800442F56 /* PBXTargetDependency */ = {
			isa = PBXTargetDependency;
			target = 8B7BD5E327ABF72500442F56 /* LearningUnitTesting */;
			targetProxy = 8B7BD60527ABF72800442F56 /* PBXContainerItemProxy */;
		};
/* End PBXTargetDependency section */

/* Begin PBXVariantGroup section */
		8B7BD5ED27ABF72500442F56 /* Main.storyboard */ = {
			isa = PBXVariantGroup;
			children = (
				8B7BD5EE27ABF72500442F56 /* Base */,
			);
			name = Main.storyboard;
			sourceTree = "<group>";
		};
		8B7BD5F227ABF72800442F56 /* LaunchScreen.storyboard */ = {
			isa = PBXVariantGroup;
			children = (
				8B7BD5F327ABF72800442F56 /* Base */,
			);
			name = LaunchScreen.storyboard;
			sourceTree = "<group>";
		};
/* End PBXVariantGroup section */

/* Begin XCBuildConfiguration section */
		8B7BD60C27ABF72800442F56 /* Debug */ = {
			isa = XCBuildConfiguration;
			buildSettings = {
				ALWAYS_SEARCH_USER_PATHS = NO;
				CLANG_ANALYZER_NONNULL = YES;
				CLANG_ANALYZER_NUMBER_OBJECT_CONVERSION = YES_AGGRESSIVE;
				CLANG_CXX_LANGUAGE_STANDARD = "gnu++17";
				CLANG_CXX_LIBRARY = "libc++";
				CLANG_ENABLE_MODULES = YES;
				CLANG_ENABLE_OBJC_ARC = YES;
				CLANG_ENABLE_OBJC_WEAK = YES;
				CLANG_WARN_BLOCK_CAPTURE_AUTORELEASING = YES;
				CLANG_WARN_BOOL_CONVERSION = YES;
				CLANG_WARN_COMMA = YES;
				CLANG_WARN_CONSTANT_CONVERSION = YES;
				CLANG_WARN_DEPRECATED_OBJC_IMPLEMENTATIONS = YES;
				CLANG_WARN_DIRECT_OBJC_ISA_USAGE = YES_ERROR;
				CLANG_WARN_DOCUMENTATION_COMMENTS = YES;
				CLANG_WARN_EMPTY_BODY = YES;
				CLANG_WARN_ENUM_CONVERSION = YES;
				CLANG_WARN_INFINITE_RECURSION = YES;
				CLANG_WARN_INT_CONVERSION = YES;
				CLANG_WARN_NON_LITERAL_NULL_CONVERSION = YES;
				CLANG_WARN_OBJC_IMPLICIT_RETAIN_SELF = YES;
				CLANG_WARN_OBJC_LITERAL_CONVERSION = YES;
				CLANG_WARN_OBJC_ROOT_CLASS = YES_ERROR;
				CLANG_WARN_QUOTED_INCLUDE_IN_FRAMEWORK_HEADER = YES;
				CLANG_WARN_RANGE_LOOP_ANALYSIS = YES;
				CLANG_WARN_STRICT_PROTOTYPES = YES;
				CLANG_WARN_SUSPICIOUS_MOVE = YES;
				CLANG_WARN_UNGUARDED_AVAILABILITY = YES_AGGRESSIVE;
				CLANG_WARN_UNREACHABLE_CODE = YES;
				CLANG_WARN__DUPLICATE_METHOD_MATCH = YES;
				COPY_PHASE_STRIP = NO;
				DEBUG_INFORMATION_FORMAT = dwarf;
				ENABLE_STRICT_OBJC_MSGSEND = YES;
				ENABLE_TESTABILITY = YES;
				GCC_C_LANGUAGE_STANDARD = gnu11;
				GCC_DYNAMIC_NO_PIC = NO;
				GCC_NO_COMMON_BLOCKS = YES;
				GCC_OPTIMIZATION_LEVEL = 0;
				GCC_PREPROCESSOR_DEFINITIONS = (
					"DEBUG=1",
					"$(inherited)",
				);
				GCC_WARN_64_TO_32_BIT_CONVERSION = YES;
				GCC_WARN_ABOUT_RETURN_TYPE = YES_ERROR;
				GCC_WARN_UNDECLARED_SELECTOR = YES;
				GCC_WARN_UNINITIALIZED_AUTOS = YES_AGGRESSIVE;
				GCC_WARN_UNUSED_FUNCTION = YES;
				GCC_WARN_UNUSED_VARIABLE = YES;
				IPHONEOS_DEPLOYMENT_TARGET = 15.0;
				MTL_ENABLE_DEBUG_INFO = INCLUDE_SOURCE;
				MTL_FAST_MATH = YES;
				ONLY_ACTIVE_ARCH = YES;
				SDKROOT = iphoneos;
				SWIFT_ACTIVE_COMPILATION_CONDITIONS = DEBUG;
				SWIFT_OPTIMIZATION_LEVEL = "-Onone";
			};
			name = Debug;
		};
		8B7BD60D27ABF72800442F56 /* Release */ = {
			isa = XCBuildConfiguration;
			buildSettings = {
				ALWAYS_SEARCH_USER_PATHS = NO;
				CLANG_ANALYZER_NONNULL = YES;
				CLANG_ANALYZER_NUMBER_OBJECT_CONVERSION = YES_AGGRESSIVE;
				CLANG_CXX_LANGUAGE_STANDARD = "gnu++17";
				CLANG_CXX_LIBRARY = "libc++";
				CLANG_ENABLE_MODULES = YES;
				CLANG_ENABLE_OBJC_ARC = YES;
				CLANG_ENABLE_OBJC_WEAK = YES;
				CLANG_WARN_BLOCK_CAPTURE_AUTORELEASING = YES;
				CLANG_WARN_BOOL_CONVERSION = YES;
				CLANG_WARN_COMMA = YES;
				CLANG_WARN_CONSTANT_CONVERSION = YES;
				CLANG_WARN_DEPRECATED_OBJC_IMPLEMENTATIONS = YES;
				CLANG_WARN_DIRECT_OBJC_ISA_USAGE = YES_ERROR;
				CLANG_WARN_DOCUMENTATION_COMMENTS = YES;
				CLANG_WARN_EMPTY_BODY = YES;
				CLANG_WARN_ENUM_CONVERSION = YES;
				CLANG_WARN_INFINITE_RECURSION = YES;
				CLANG_WARN_INT_CONVERSION = YES;
				CLANG_WARN_NON_LITERAL_NULL_CONVERSION = YES;
				CLANG_WARN_OBJC_IMPLICIT_RETAIN_SELF = YES;
				CLANG_WARN_OBJC_LITERAL_CONVERSION = YES;
				CLANG_WARN_OBJC_ROOT_CLASS = YES_ERROR;
				CLANG_WARN_QUOTED_INCLUDE_IN_FRAMEWORK_HEADER = YES;
				CLANG_WARN_RANGE_LOOP_ANALYSIS = YES;
				CLANG_WARN_STRICT_PROTOTYPES = YES;
				CLANG_WARN_SUSPICIOUS_MOVE = YES;
				CLANG_WARN_UNGUARDED_AVAILABILITY = YES_AGGRESSIVE;
				CLANG_WARN_UNREACHABLE_CODE = YES;
				CLANG_WARN__DUPLICATE_METHOD_MATCH = YES;
				COPY_PHASE_STRIP = NO;
				DEBUG_INFORMATION_FORMAT = "dwarf-with-dsym";
				ENABLE_NS_ASSERTIONS = NO;
				ENABLE_STRICT_OBJC_MSGSEND = YES;
				GCC_C_LANGUAGE_STANDARD = gnu11;
				GCC_NO_COMMON_BLOCKS = YES;
				GCC_WARN_64_TO_32_BIT_CONVERSION = YES;
				GCC_WARN_ABOUT_RETURN_TYPE = YES_ERROR;
				GCC_WARN_UNDECLARED_SELECTOR = YES;
				GCC_WARN_UNINITIALIZED_AUTOS = YES_AGGRESSIVE;
				GCC_WARN_UNUSED_FUNCTION = YES;
				GCC_WARN_UNUSED_VARIABLE = YES;
				IPHONEOS_DEPLOYMENT_TARGET = 15.0;
				MTL_ENABLE_DEBUG_INFO = NO;
				MTL_FAST_MATH = YES;
				SDKROOT = iphoneos;
				SWIFT_COMPILATION_MODE = wholemodule;
				SWIFT_OPTIMIZATION_LEVEL = "-O";
				VALIDATE_PRODUCT = YES;
			};
			name = Release;
		};
		8B7BD60F27ABF72800442F56 /* Debug */ = {
			isa = XCBuildConfiguration;
			buildSettings = {
				ASSETCATALOG_COMPILER_APPICON_NAME = AppIcon;
				ASSETCATALOG_COMPILER_GLOBAL_ACCENT_COLOR_NAME = AccentColor;
				CODE_SIGN_STYLE = Automatic;
				CURRENT_PROJECT_VERSION = 1;
				DEVELOPMENT_TEAM = H46ZLUF9FB;
				GENERATE_INFOPLIST_FILE = YES;
				INFOPLIST_FILE = LearningUnitTesting/Info.plist;
				INFOPLIST_KEY_UIApplicationSupportsIndirectInputEvents = YES;
				INFOPLIST_KEY_UILaunchStoryboardName = LaunchScreen;
				INFOPLIST_KEY_UIMainStoryboardFile = Main;
				INFOPLIST_KEY_UISupportedInterfaceOrientations_iPad = "UIInterfaceOrientationPortrait UIInterfaceOrientationPortraitUpsideDown UIInterfaceOrientationLandscapeLeft UIInterfaceOrientationLandscapeRight";
				INFOPLIST_KEY_UISupportedInterfaceOrientations_iPhone = "UIInterfaceOrientationPortrait UIInterfaceOrientationLandscapeLeft UIInterfaceOrientationLandscapeRight";
				LD_RUNPATH_SEARCH_PATHS = (
					"$(inherited)",
					"@executable_path/Frameworks",
				);
				MARKETING_VERSION = 1.0;
				PRODUCT_BUNDLE_IDENTIFIER = com.asekTech.Yoogad.LearningUnitTesting;
				PRODUCT_NAME = "$(TARGET_NAME)";
				SWIFT_EMIT_LOC_STRINGS = YES;
				SWIFT_VERSION = 5.0;
				TARGETED_DEVICE_FAMILY = "1,2";
			};
			name = Debug;
		};
		8B7BD61027ABF72800442F56 /* Release */ = {
			isa = XCBuildConfiguration;
			buildSettings = {
				ASSETCATALOG_COMPILER_APPICON_NAME = AppIcon;
				ASSETCATALOG_COMPILER_GLOBAL_ACCENT_COLOR_NAME = AccentColor;
				CODE_SIGN_STYLE = Automatic;
				CURRENT_PROJECT_VERSION = 1;
				DEVELOPMENT_TEAM = H46ZLUF9FB;
				GENERATE_INFOPLIST_FILE = YES;
				INFOPLIST_FILE = LearningUnitTesting/Info.plist;
				INFOPLIST_KEY_UIApplicationSupportsIndirectInputEvents = YES;
				INFOPLIST_KEY_UILaunchStoryboardName = LaunchScreen;
				INFOPLIST_KEY_UIMainStoryboardFile = Main;
				INFOPLIST_KEY_UISupportedInterfaceOrientations_iPad = "UIInterfaceOrientationPortrait UIInterfaceOrientationPortraitUpsideDown UIInterfaceOrientationLandscapeLeft UIInterfaceOrientationLandscapeRight";
				INFOPLIST_KEY_UISupportedInterfaceOrientations_iPhone = "UIInterfaceOrientationPortrait UIInterfaceOrientationLandscapeLeft UIInterfaceOrientationLandscapeRight";
				LD_RUNPATH_SEARCH_PATHS = (
					"$(inherited)",
					"@executable_path/Frameworks",
				);
				MARKETING_VERSION = 1.0;
				PRODUCT_BUNDLE_IDENTIFIER = com.asekTech.Yoogad.LearningUnitTesting;
				PRODUCT_NAME = "$(TARGET_NAME)";
				SWIFT_EMIT_LOC_STRINGS = YES;
				SWIFT_VERSION = 5.0;
				TARGETED_DEVICE_FAMILY = "1,2";
			};
			name = Release;
		};
		8B7BD61227ABF72800442F56 /* Debug */ = {
			isa = XCBuildConfiguration;
			buildSettings = {
				ALWAYS_EMBED_SWIFT_STANDARD_LIBRARIES = YES;
				BUNDLE_LOADER = "$(TEST_HOST)";
				CODE_SIGN_STYLE = Automatic;
				CURRENT_PROJECT_VERSION = 1;
				DEVELOPMENT_TEAM = H46ZLUF9FB;
				GENERATE_INFOPLIST_FILE = YES;
				IPHONEOS_DEPLOYMENT_TARGET = 15.0;
				LD_RUNPATH_SEARCH_PATHS = (
					"$(inherited)",
					"@executable_path/Frameworks",
					"@loader_path/Frameworks",
				);
				MARKETING_VERSION = 1.0;
				PRODUCT_BUNDLE_IDENTIFIER = com.asekTech.Yoogad.LearningUnitTestingTests;
				PRODUCT_NAME = "$(TARGET_NAME)";
				SWIFT_EMIT_LOC_STRINGS = NO;
				SWIFT_VERSION = 5.0;
				TARGETED_DEVICE_FAMILY = "1,2";
				TEST_HOST = "$(BUILT_PRODUCTS_DIR)/LearningUnitTesting.app/LearningUnitTesting";
			};
			name = Debug;
		};
		8B7BD61327ABF72800442F56 /* Release */ = {
			isa = XCBuildConfiguration;
			buildSettings = {
				ALWAYS_EMBED_SWIFT_STANDARD_LIBRARIES = YES;
				BUNDLE_LOADER = "$(TEST_HOST)";
				CODE_SIGN_STYLE = Automatic;
				CURRENT_PROJECT_VERSION = 1;
				DEVELOPMENT_TEAM = H46ZLUF9FB;
				GENERATE_INFOPLIST_FILE = YES;
				IPHONEOS_DEPLOYMENT_TARGET = 15.0;
				LD_RUNPATH_SEARCH_PATHS = (
					"$(inherited)",
					"@executable_path/Frameworks",
					"@loader_path/Frameworks",
				);
				MARKETING_VERSION = 1.0;
				PRODUCT_BUNDLE_IDENTIFIER = com.asekTech.Yoogad.LearningUnitTestingTests;
				PRODUCT_NAME = "$(TARGET_NAME)";
				SWIFT_EMIT_LOC_STRINGS = NO;
				SWIFT_VERSION = 5.0;
				TARGETED_DEVICE_FAMILY = "1,2";
				TEST_HOST = "$(BUILT_PRODUCTS_DIR)/LearningUnitTesting.app/LearningUnitTesting";
			};
			name = Release;
		};
		8B7BD61527ABF72800442F56 /* Debug */ = {
			isa = XCBuildConfiguration;
			buildSettings = {
				ALWAYS_EMBED_SWIFT_STANDARD_LIBRARIES = YES;
				CODE_SIGN_STYLE = Automatic;
				CURRENT_PROJECT_VERSION = 1;
				DEVELOPMENT_TEAM = H46ZLUF9FB;
				GENERATE_INFOPLIST_FILE = YES;
				LD_RUNPATH_SEARCH_PATHS = (
					"$(inherited)",
					"@executable_path/Frameworks",
					"@loader_path/Frameworks",
				);
				MARKETING_VERSION = 1.0;
				PRODUCT_BUNDLE_IDENTIFIER = com.asekTech.Yoogad.LearningUnitTestingUITests;
				PRODUCT_NAME = "$(TARGET_NAME)";
				SWIFT_EMIT_LOC_STRINGS = NO;
				SWIFT_VERSION = 5.0;
				TARGETED_DEVICE_FAMILY = "1,2";
				TEST_TARGET_NAME = LearningUnitTesting;
			};
			name = Debug;
		};
		8B7BD61627ABF72800442F56 /* Release */ = {
			isa = XCBuildConfiguration;
			buildSettings = {
				ALWAYS_EMBED_SWIFT_STANDARD_LIBRARIES = YES;
				CODE_SIGN_STYLE = Automatic;
				CURRENT_PROJECT_VERSION = 1;
				DEVELOPMENT_TEAM = H46ZLUF9FB;
				GENERATE_INFOPLIST_FILE = YES;
				LD_RUNPATH_SEARCH_PATHS = (
					"$(inherited)",
					"@executable_path/Frameworks",
					"@loader_path/Frameworks",
				);
				MARKETING_VERSION = 1.0;
				PRODUCT_BUNDLE_IDENTIFIER = com.asekTech.Yoogad.LearningUnitTestingUITests;
				PRODUCT_NAME = "$(TARGET_NAME)";
				SWIFT_EMIT_LOC_STRINGS = NO;
				SWIFT_VERSION = 5.0;
				TARGETED_DEVICE_FAMILY = "1,2";
				TEST_TARGET_NAME = LearningUnitTesting;
			};
			name = Release;
		};
/* End XCBuildConfiguration section */

/* Begin XCConfigurationList section */
		8B7BD5DF27ABF72500442F56 /* Build configuration list for PBXProject "LearningUnitTesting" */ = {
			isa = XCConfigurationList;
			buildConfigurations = (
				8B7BD60C27ABF72800442F56 /* Debug */,
				8B7BD60D27ABF72800442F56 /* Release */,
			);
			defaultConfigurationIsVisible = 0;
			defaultConfigurationName = Release;
		};
		8B7BD60E27ABF72800442F56 /* Build configuration list for PBXNativeTarget "LearningUnitTesting" */ = {
			isa = XCConfigurationList;
			buildConfigurations = (
				8B7BD60F27ABF72800442F56 /* Debug */,
				8B7BD61027ABF72800442F56 /* Release */,
			);
			defaultConfigurationIsVisible = 0;
			defaultConfigurationName = Release;
		};
		8B7BD61127ABF72800442F56 /* Build configuration list for PBXNativeTarget "LearningUnitTestingTests" */ = {
			isa = XCConfigurationList;
			buildConfigurations = (
				8B7BD61227ABF72800442F56 /* Debug */,
				8B7BD61327ABF72800442F56 /* Release */,
			);
			defaultConfigurationIsVisible = 0;
			defaultConfigurationName = Release;
		};
		8B7BD61427ABF72800442F56 /* Build configuration list for PBXNativeTarget "LearningUnitTestingUITests" */ = {
			isa = XCConfigurationList;
			buildConfigurations = (
				8B7BD61527ABF72800442F56 /* Debug */,
				8B7BD61627ABF72800442F56 /* Release */,
			);
			defaultConfigurationIsVisible = 0;
			defaultConfigurationName = Release;
		};
/* End XCConfigurationList section */
	};
	rootObject = 8B7BD5DC27ABF72500442F56 /* Project object */;
}
